# This file is automatically @generated by Poetry 2.1.2 and should not be changed by hand.

[[package]]
name = "from-dict"
version = "0.5.0"
description = "Create data structures from dictionaries."
optional = false
python-versions = ">=3.9"
groups = ["main"]
files = [
    {file = "from_dict-0.5.0-py3-none-any.whl", hash = "sha256:6b6656cfddd03726c60bf33f8220e2b6d64f072676a41569ad605ad05bb951a9"},
    {file = "from_dict-0.5.0.tar.gz", hash = "sha256:87436c029e7bb03a12c4d4b68f7eddecf2fced51724467e8c27db0ef78690251"},
]

[metadata]
lock-version = "2.1"
python-versions = ">=3.13"
content-hash = "48cbb2c74f1225b834eb25415e63e4860531d244d496d0203b4efd9da57ddf28"
